{
  "nodes": {
    "firefox-addons": {
      "inputs": {
        "flake-utils": "flake-utils",
        "nixpkgs": [
          "nixpkgs"
        ]
      },
      "locked": {
        "dir": "pkgs/firefox-addons",
        "lastModified": 1701316961,
        "narHash": "sha256-Aa0PSk7bze7wuiz+vYh6cr40oT/0j3hHxeF6BOQB/NI=",
        "owner": "rycee",
        "repo": "nur-expressions",
        "rev": "8db27ffd6ecfc450c6c1be19dcad3fd38808e537",
        "type": "gitlab"
      },
      "original": {
        "dir": "pkgs/firefox-addons",
        "owner": "rycee",
        "repo": "nur-expressions",
        "type": "gitlab"
      }
    },
    "flake-utils": {
      "locked": {
        "lastModified": 1629284811,
        "narHash": "sha256-JHgasjPR0/J1J3DRm4KxM4zTyAj4IOJY8vIl75v/kPI=",
        "owner": "numtide",
        "repo": "flake-utils",
        "rev": "c5d161cc0af116a2e17f54316f0bf43f0819785c",
        "type": "github"
      },
      "original": {
        "owner": "numtide",
        "repo": "flake-utils",
        "type": "github"
      }
    },
    "home-manager": {
      "inputs": {
        "nixpkgs": "nixpkgs"
      },
      "locked": {
        "lastModified": 1700814205,
        "narHash": "sha256-lWqDPKHRbQfi+zNIivf031BUeyciVOtwCwTjyrhDB5g=",
        "owner": "nix-community",
        "repo": "home-manager",
        "rev": "aeb2232d7a32530d3448318790534d196bf9427a",
        "type": "github"
      },
      "original": {
        "owner": "nix-community",
        "ref": "release-23.11",
        "repo": "home-manager",
        "type": "github"
      }
    },
    "nixpkgs": {
      "locked": {
        "lastModified": 1701718080,
        "narHash": "sha256-6ovz0pG76dE0P170pmmZex1wWcQoeiomUZGggfH9XPs=",
        "owner": "NixOS",
        "repo": "nixpkgs",
        "rev": "2c7f3c0fb7c08a0814627611d9d7d45ab6d75335",
        "type": "github"
      },
      "original": {
        "owner": "NixOS",
        "ref": "nixos-unstable",
        "repo": "nixpkgs",
        "type": "github"
      }
    },
    "nixpkgs_2": {
      "locked": {
        "lastModified": 1701952659,
        "narHash": "sha256-TJv2srXt6fYPUjxgLAL0cy4nuf1OZD4KuA1TrCiQqg0=",
        "owner": "nixos",
        "repo": "nixpkgs",
        "rev": "b4372c4924d9182034066c823df76d6eaf1f4ec4",
        "type": "github"
      },
      "original": {
        "owner": "nixos",
        "ref": "nixos-23.11",
        "repo": "nixpkgs",
        "type": "github"
      }
    },
    "plugin-fine-cmd-line-nvim": {
      "flake": false,
      "locked": {
        "lastModified": 1700512774,
        "narHash": "sha256-w9wwjClkOWk3wCgEiZIFLZRJ/gAfX38x2LnVRaelKD8=",
        "owner": "VonHeikemen",
        "repo": "fine-cmdline.nvim",
        "rev": "dd676584145d62b30d7e8dbdd011796a8f0a065f",
        "type": "github"
      },
      "original": {
        "owner": "VonHeikemen",
        "repo": "fine-cmdline.nvim",
        "type": "github"
      }
    },
    "plugin-gen-nvim": {
      "flake": false,
      "locked": {
        "lastModified": 1701354239,
        "narHash": "sha256-Nk6UUanpBqVAByZXNQ755P2u9sIJOHUIw4RBexuobxE=",
        "owner": "CaptainKranch",
        "repo": "gen-docker.nvim",
        "rev": "3f67e45864b27160a363794e5dc4bf3de4af590f",
        "type": "github"
      },
      "original": {
        "owner": "CaptainKranch",
        "repo": "gen-docker.nvim",
        "type": "github"
      }
    },
    "root": {
      "inputs": {
        "firefox-addons": "firefox-addons",
        "home-manager": "home-manager",
        "nixpkgs": "nixpkgs_2",
        "plugin-fine-cmd-line-nvim": "plugin-fine-cmd-line-nvim",
        "plugin-gen-nvim": "plugin-gen-nvim"
      }
    }
  },
  "root": "root",
  "version": 7
}
