{
  "nodes": {
    "darwin": {
      "inputs": {
        "nixpkgs": [
          "nixpkgs"
        ]
      },
      "locked": {
        "lastModified": 1733570843,
        "narHash": "sha256-sQJAxY1TYWD1UyibN/FnN97paTFuwBw3Vp3DNCyKsMk=",
        "owner": "lnl7",
        "repo": "nix-darwin",
        "rev": "a35b08d09efda83625bef267eb24347b446c80b8",
        "type": "github"
      },
      "original": {
        "owner": "lnl7",
        "repo": "nix-darwin",
        "type": "github"
      }
    },
    "firefox-addons": {
      "inputs": {
        "flake-utils": "flake-utils",
        "nixpkgs": [
          "nixpkgs"
        ]
      },
      "locked": {
        "dir": "pkgs/firefox-addons",
        "lastModified": 1734648163,
        "narHash": "sha256-AK7nqONfzyxUzqVVeRoniO6NRv4SaxPrXwuyY8jtCXs=",
        "owner": "rycee",
        "repo": "nur-expressions",
        "rev": "2b5a7eb2719b146f6308dfa51c9a1c4b03d965a3",
        "type": "gitlab"
      },
      "original": {
        "dir": "pkgs/firefox-addons",
        "owner": "rycee",
        "repo": "nur-expressions",
        "type": "gitlab"
      }
    },
    "flake-utils": {
      "locked": {
        "lastModified": 1629284811,
        "narHash": "sha256-JHgasjPR0/J1J3DRm4KxM4zTyAj4IOJY8vIl75v/kPI=",
        "owner": "numtide",
        "repo": "flake-utils",
        "rev": "c5d161cc0af116a2e17f54316f0bf43f0819785c",
        "type": "github"
      },
      "original": {
        "owner": "numtide",
        "repo": "flake-utils",
        "type": "github"
      }
    },
    "home-manager": {
      "inputs": {
        "nixpkgs": [
          "nixpkgs"
        ]
      },
      "locked": {
        "lastModified": 1734622215,
        "narHash": "sha256-OOfI0XhSJGHblfdNDhfnn8QnZxng63rWk9eeJ2tCbiI=",
        "owner": "nix-community",
        "repo": "home-manager",
        "rev": "1395379a7a36e40f2a76e7b9936cc52950baa1be",
        "type": "github"
      },
      "original": {
        "owner": "nix-community",
        "ref": "master",
        "repo": "home-manager",
        "type": "github"
      }
    },
    "nixpkgs": {
      "locked": {
        "lastModified": 1734424634,
        "narHash": "sha256-cHar1vqHOOyC7f1+tVycPoWTfKIaqkoe1Q6TnKzuti4=",
        "owner": "NixOS",
        "repo": "nixpkgs",
        "rev": "d3c42f187194c26d9f0309a8ecc469d6c878ce33",
        "type": "github"
      },
      "original": {
        "owner": "NixOS",
        "ref": "nixos-unstable",
        "repo": "nixpkgs",
        "type": "github"
      }
    },
    "plugin-fine-cmd-line-nvim": {
      "flake": false,
      "locked": {
        "lastModified": 1721082103,
        "narHash": "sha256-SMmOzDhkRBBPCuXXZFUxog6YWRQ2tdlJuJGjYlyNTgk=",
        "owner": "VonHeikemen",
        "repo": "fine-cmdline.nvim",
        "rev": "aec9efebf6f4606a5204d49ffa3ce2eeb7e08a3e",
        "type": "github"
      },
      "original": {
        "owner": "VonHeikemen",
        "repo": "fine-cmdline.nvim",
        "type": "github"
      }
    },
    "plugin-gen-nvim": {
      "flake": false,
      "locked": {
        "lastModified": 1701354239,
        "narHash": "sha256-Nk6UUanpBqVAByZXNQ755P2u9sIJOHUIw4RBexuobxE=",
        "owner": "CaptainKranch",
        "repo": "gen-docker.nvim",
        "rev": "3f67e45864b27160a363794e5dc4bf3de4af590f",
        "type": "github"
      },
      "original": {
        "owner": "CaptainKranch",
        "repo": "gen-docker.nvim",
        "type": "github"
      }
    },
    "plugin-github-nvim-theme": {
      "flake": false,
      "locked": {
        "lastModified": 1727149670,
        "narHash": "sha256-EreIuni6/XR0428rO4Lbi2usIreOyPWKm7kJJA2Nwqo=",
        "owner": "projekt0n",
        "repo": "github-nvim-theme",
        "rev": "0e4636f556880d13c00d8a8f686fae8df7c9845f",
        "type": "github"
      },
      "original": {
        "owner": "projekt0n",
        "repo": "github-nvim-theme",
        "type": "github"
      }
    },
    "root": {
      "inputs": {
        "darwin": "darwin",
        "firefox-addons": "firefox-addons",
        "home-manager": "home-manager",
        "nixpkgs": "nixpkgs",
        "plugin-fine-cmd-line-nvim": "plugin-fine-cmd-line-nvim",
        "plugin-gen-nvim": "plugin-gen-nvim",
        "plugin-github-nvim-theme": "plugin-github-nvim-theme"
      }
    }
  },
  "root": "root",
  "version": 7
}
